
Microsoft Visual Studio Solution File, Format Version 12.00
# Visual Studio Version 17
VisualStudioVersion = 17.13.35931.197 d17.13
MinimumVisualStudioVersion = 10.0.40219.1
Project("{FAE04EC0-301F-11D3-BF4B-00C04F79EFBC}") = "MoneyTracker1", "MoneyTracker1.csproj", "{6920BFA0-2D95-4650-8373-5D0CC8D43DC7}"
EndProject
Global
	GlobalSection(SolutionConfigurationPlatforms) = preSolution
		Debug|Any CPU = Debug|Any CPU
		Release|Any CPU = Release|Any CPU
	EndGlobalSection
	GlobalSection(ProjectConfigurationPlatforms) = postSolution
		{6920BFA0-2D95-4650-8373-5D0CC8D43DC7}.Debug|Any CPU.ActiveCfg = Debug|Any CPU
		{6920BFA0-2D95-4650-8373-5D0CC8D43DC7}.Debug|Any CPU.Build.0 = Debug|Any CPU
		{6920BFA0-2D95-4650-8373-5D0CC8D43DC7}.Release|Any CPU.ActiveCfg = Release|Any CPU
		{6920BFA0-2D95-4650-8373-5D0CC8D43DC7}.Release|Any CPU.Build.0 = Release|Any CPU
	EndGlobalSection
	GlobalSection(SolutionProperties) = preSolution
		HideSolutionNode = FALSE
	EndGlobalSection
	GlobalSection(ExtensibilityGlobals) = postSolution
		SolutionGuid = {2676328E-A5C6-4B93-BA0B-F394F2B2E778}
	EndGlobalSection
EndGlobal
